
Microsoft Visual Studio Solution File, Format Version 12.00
# Visual Studio Version 17
VisualStudioVersion = 17.3.32819.101
MinimumVisualStudioVersion = 10.0.40219.1
Project("{9A19103F-16F7-4668-BE54-9A1E7A4F7556}") = "universityApiBackend", "universityApiBackend\universityApiBackend.csproj", "{B6A7ABFF-E7FD-436D-8C7F-9D5F1930AF68}"
EndProject
Project("{FAE04EC0-301F-11D3-BF4B-00C04F79EFBC}") = "LinqSnippets", "LinqSnippets\LinqSnippets.csproj", "{8A8CAEB0-CD74-4DE8-84D3-B1C4CBB32BB0}"
EndProject
Global
	GlobalSection(SolutionConfigurationPlatforms) = preSolution
		Debug|Any CPU = Debug|Any CPU
		Release|Any CPU = Release|Any CPU
	EndGlobalSection
	GlobalSection(ProjectConfigurationPlatforms) = postSolution
		{B6A7ABFF-E7FD-436D-8C7F-9D5F1930AF68}.Debug|Any CPU.ActiveCfg = Debug|Any CPU
		{B6A7ABFF-E7FD-436D-8C7F-9D5F1930AF68}.Debug|Any CPU.Build.0 = Debug|Any CPU
		{B6A7ABFF-E7FD-436D-8C7F-9D5F1930AF68}.Release|Any CPU.ActiveCfg = Release|Any CPU
		{B6A7ABFF-E7FD-436D-8C7F-9D5F1930AF68}.Release|Any CPU.Build.0 = Release|Any CPU
		{8A8CAEB0-CD74-4DE8-84D3-B1C4CBB32BB0}.Debug|Any CPU.ActiveCfg = Debug|Any CPU
		{8A8CAEB0-CD74-4DE8-84D3-B1C4CBB32BB0}.Debug|Any CPU.Build.0 = Debug|Any CPU
		{8A8CAEB0-CD74-4DE8-84D3-B1C4CBB32BB0}.Release|Any CPU.ActiveCfg = Release|Any CPU
		{8A8CAEB0-CD74-4DE8-84D3-B1C4CBB32BB0}.Release|Any CPU.Build.0 = Release|Any CPU
	EndGlobalSection
	GlobalSection(SolutionProperties) = preSolution
		HideSolutionNode = FALSE
	EndGlobalSection
	GlobalSection(ExtensibilityGlobals) = postSolution
		SolutionGuid = {6A158F57-FBAC-45DA-B5D8-857BF891FD0E}
	EndGlobalSection
EndGlobal
